
Microsoft Visual Studio Solution File, Format Version 12.00
# Visual Studio 15
VisualStudioVersion = 15.0.27703.2026
MinimumVisualStudioVersion = 10.0.40219.1
Project("{FAE04EC0-301F-11D3-BF4B-00C04F79EFBC}") = "injects", "injectp\injects.csproj", "{51F9434E-F13B-4CFB-B49F-A5B02CD9A150}"
EndProject
Project("{FAE04EC0-301F-11D3-BF4B-00C04F79EFBC}") = "Injectors.Test", "InjectorTest\Injectors.Test.csproj", "{8E61D154-D103-4DF3-A8D5-A1B57E17007A}"
EndProject
Global
	GlobalSection(SolutionConfigurationPlatforms) = preSolution
		Debug|Any CPU = Debug|Any CPU
		Release|Any CPU = Release|Any CPU
	EndGlobalSection
	GlobalSection(ProjectConfigurationPlatforms) = postSolution
		{51F9434E-F13B-4CFB-B49F-A5B02CD9A150}.Debug|Any CPU.ActiveCfg = Debug|Any CPU
		{51F9434E-F13B-4CFB-B49F-A5B02CD9A150}.Debug|Any CPU.Build.0 = Debug|Any CPU
		{51F9434E-F13B-4CFB-B49F-A5B02CD9A150}.Release|Any CPU.ActiveCfg = Release|Any CPU
		{51F9434E-F13B-4CFB-B49F-A5B02CD9A150}.Release|Any CPU.Build.0 = Release|Any CPU
		{8E61D154-D103-4DF3-A8D5-A1B57E17007A}.Debug|Any CPU.ActiveCfg = Debug|Any CPU
		{8E61D154-D103-4DF3-A8D5-A1B57E17007A}.Debug|Any CPU.Build.0 = Debug|Any CPU
		{8E61D154-D103-4DF3-A8D5-A1B57E17007A}.Release|Any CPU.ActiveCfg = Release|Any CPU
		{8E61D154-D103-4DF3-A8D5-A1B57E17007A}.Release|Any CPU.Build.0 = Release|Any CPU
	EndGlobalSection
	GlobalSection(SolutionProperties) = preSolution
		HideSolutionNode = FALSE
	EndGlobalSection
	GlobalSection(ExtensibilityGlobals) = postSolution
		SolutionGuid = {BC99034E-5CD1-416C-BF99-EADB1F4626CA}
	EndGlobalSection
EndGlobal
